
Microsoft Visual Studio Solution File, Format Version 12.00
# Visual Studio Version 16
VisualStudioVersion = 16.0.30002.166
MinimumVisualStudioVersion = 10.0.40219.1
Project("{9A19103F-16F7-4668-BE54-9A1E7A4F7556}") = "ProductivityTools.Learning.OAuth.Api", "ProductivityTools.Learning.OAuth.Api\ProductivityTools.Learning.OAuth.Api.csproj", "{E6552559-ABA1-4ED6-AC4E-89F6D6A1B017}"
EndProject
Project("{9A19103F-16F7-4668-BE54-9A1E7A4F7556}") = "ProductivityTools.Learning.OAuth.Client", "ProductivityTools.Learning.OAuth.Client\ProductivityTools.Learning.OAuth.Client.csproj", "{31439FCB-4601-49C0-B3DB-BBA122738DFA}"
EndProject
Project("{9A19103F-16F7-4668-BE54-9A1E7A4F7556}") = "ProductivityTools.IDP", "ProductivityTools.IDP\ProductivityTools.IDP.csproj", "{079095D2-0DE3-4211-820A-EF17D698B643}"
EndProject
Project("{9A19103F-16F7-4668-BE54-9A1E7A4F7556}") = "ProductivityTools.Learning.OAuth.JS", "ProductivityTools.Learning.OAuth.JS\ProductivityTools.Learning.OAuth.JS.csproj", "{948FDCD6-A249-45C8-8F71-56D9F0396894}"
EndProject
Project("{9A19103F-16F7-4668-BE54-9A1E7A4F7556}") = "ProductivityTools.IdentityServer", "ProductivityTools.IdentityServer\ProductivityTools.IdentityServer.csproj", "{DF576F3E-B84F-4188-ACC1-6BA1B4890C75}"
EndProject
Project("{9A19103F-16F7-4668-BE54-9A1E7A4F7556}") = "ProductivityTools.Learning.OAuth.Api2", "ProductivityTools.Learning.OAuth.Api2\ProductivityTools.Learning.OAuth.Api2.csproj", "{06DFD370-2E58-4129-8149-B062F51872B1}"
EndProject
Project("{9A19103F-16F7-4668-BE54-9A1E7A4F7556}") = "ProductivityTools.Learning.OAuth.Client2", "ProductivityTools.Learning.OAuth.Client2\ProductivityTools.Learning.OAuth.Client2.csproj", "{A4C69A7C-A350-4A98-BA34-A4B98B247B93}"
EndProject
Global
	GlobalSection(SolutionConfigurationPlatforms) = preSolution
		Debug|Any CPU = Debug|Any CPU
		Release|Any CPU = Release|Any CPU
	EndGlobalSection
	GlobalSection(ProjectConfigurationPlatforms) = postSolution
		{E6552559-ABA1-4ED6-AC4E-89F6D6A1B017}.Debug|Any CPU.ActiveCfg = Debug|Any CPU
		{E6552559-ABA1-4ED6-AC4E-89F6D6A1B017}.Debug|Any CPU.Build.0 = Debug|Any CPU
		{E6552559-ABA1-4ED6-AC4E-89F6D6A1B017}.Release|Any CPU.ActiveCfg = Release|Any CPU
		{E6552559-ABA1-4ED6-AC4E-89F6D6A1B017}.Release|Any CPU.Build.0 = Release|Any CPU
		{31439FCB-4601-49C0-B3DB-BBA122738DFA}.Debug|Any CPU.ActiveCfg = Debug|Any CPU
		{31439FCB-4601-49C0-B3DB-BBA122738DFA}.Debug|Any CPU.Build.0 = Debug|Any CPU
		{31439FCB-4601-49C0-B3DB-BBA122738DFA}.Release|Any CPU.ActiveCfg = Release|Any CPU
		{31439FCB-4601-49C0-B3DB-BBA122738DFA}.Release|Any CPU.Build.0 = Release|Any CPU
		{079095D2-0DE3-4211-820A-EF17D698B643}.Debug|Any CPU.ActiveCfg = Debug|Any CPU
		{079095D2-0DE3-4211-820A-EF17D698B643}.Debug|Any CPU.Build.0 = Debug|Any CPU
		{079095D2-0DE3-4211-820A-EF17D698B643}.Release|Any CPU.ActiveCfg = Release|Any CPU
		{079095D2-0DE3-4211-820A-EF17D698B643}.Release|Any CPU.Build.0 = Release|Any CPU
		{948FDCD6-A249-45C8-8F71-56D9F0396894}.Debug|Any CPU.ActiveCfg = Debug|Any CPU
		{948FDCD6-A249-45C8-8F71-56D9F0396894}.Debug|Any CPU.Build.0 = Debug|Any CPU
		{948FDCD6-A249-45C8-8F71-56D9F0396894}.Release|Any CPU.ActiveCfg = Release|Any CPU
		{948FDCD6-A249-45C8-8F71-56D9F0396894}.Release|Any CPU.Build.0 = Release|Any CPU
		{DF576F3E-B84F-4188-ACC1-6BA1B4890C75}.Debug|Any CPU.ActiveCfg = Debug|Any CPU
		{DF576F3E-B84F-4188-ACC1-6BA1B4890C75}.Debug|Any CPU.Build.0 = Debug|Any CPU
		{DF576F3E-B84F-4188-ACC1-6BA1B4890C75}.Release|Any CPU.ActiveCfg = Release|Any CPU
		{DF576F3E-B84F-4188-ACC1-6BA1B4890C75}.Release|Any CPU.Build.0 = Release|Any CPU
		{06DFD370-2E58-4129-8149-B062F51872B1}.Debug|Any CPU.ActiveCfg = Debug|Any CPU
		{06DFD370-2E58-4129-8149-B062F51872B1}.Debug|Any CPU.Build.0 = Debug|Any CPU
		{06DFD370-2E58-4129-8149-B062F51872B1}.Release|Any CPU.ActiveCfg = Release|Any CPU
		{06DFD370-2E58-4129-8149-B062F51872B1}.Release|Any CPU.Build.0 = Release|Any CPU
		{A4C69A7C-A350-4A98-BA34-A4B98B247B93}.Debug|Any CPU.ActiveCfg = Debug|Any CPU
		{A4C69A7C-A350-4A98-BA34-A4B98B247B93}.Debug|Any CPU.Build.0 = Debug|Any CPU
		{A4C69A7C-A350-4A98-BA34-A4B98B247B93}.Release|Any CPU.ActiveCfg = Release|Any CPU
		{A4C69A7C-A350-4A98-BA34-A4B98B247B93}.Release|Any CPU.Build.0 = Release|Any CPU
	EndGlobalSection
	GlobalSection(SolutionProperties) = preSolution
		HideSolutionNode = FALSE
	EndGlobalSection
	GlobalSection(ExtensibilityGlobals) = postSolution
		SolutionGuid = {02B42644-416B-49E4-A152-028A717D14A7}
	EndGlobalSection
EndGlobal
