
Microsoft Visual Studio Solution File, Format Version 12.00
# Visual Studio Version 16
VisualStudioVersion = 16.0.30002.166
MinimumVisualStudioVersion = 10.0.40219.1
Project("{9A19103F-16F7-4668-BE54-9A1E7A4F7556}") = "ProductivityTools.Learning.OAuth.Api", "ProductivityTools.Learning.OAuth.Api\ProductivityTools.Learning.OAuth.Api.csproj", "{E6552559-ABA1-4ED6-AC4E-89F6D6A1B017}"
EndProject
Project("{9A19103F-16F7-4668-BE54-9A1E7A4F7556}") = "ProductivityTools.Learning.OAuth.Client", "ProductivityTools.Learning.OAuth.Client\ProductivityTools.Learning.OAuth.Client.csproj", "{31439FCB-4601-49C0-B3DB-BBA122738DFA}"
EndProject
Project("{9A19103F-16F7-4668-BE54-9A1E7A4F7556}") = "ProductivityTools.IDP", "ProductivityTools.IDP\ProductivityTools.IDP.csproj", "{079095D2-0DE3-4211-820A-EF17D698B643}"
EndProject
Global
	GlobalSection(SolutionConfigurationPlatforms) = preSolution
		Debug|Any CPU = Debug|Any CPU
		Release|Any CPU = Release|Any CPU
	EndGlobalSection
	GlobalSection(ProjectConfigurationPlatforms) = postSolution
		{E6552559-ABA1-4ED6-AC4E-89F6D6A1B017}.Debug|Any CPU.ActiveCfg = Debug|Any CPU
		{E6552559-ABA1-4ED6-AC4E-89F6D6A1B017}.Debug|Any CPU.Build.0 = Debug|Any CPU
		{E6552559-ABA1-4ED6-AC4E-89F6D6A1B017}.Release|Any CPU.ActiveCfg = Release|Any CPU
		{E6552559-ABA1-4ED6-AC4E-89F6D6A1B017}.Release|Any CPU.Build.0 = Release|Any CPU
		{31439FCB-4601-49C0-B3DB-BBA122738DFA}.Debug|Any CPU.ActiveCfg = Debug|Any CPU
		{31439FCB-4601-49C0-B3DB-BBA122738DFA}.Debug|Any CPU.Build.0 = Debug|Any CPU
		{31439FCB-4601-49C0-B3DB-BBA122738DFA}.Release|Any CPU.ActiveCfg = Release|Any CPU
		{31439FCB-4601-49C0-B3DB-BBA122738DFA}.Release|Any CPU.Build.0 = Release|Any CPU
		{079095D2-0DE3-4211-820A-EF17D698B643}.Debug|Any CPU.ActiveCfg = Debug|Any CPU
		{079095D2-0DE3-4211-820A-EF17D698B643}.Debug|Any CPU.Build.0 = Debug|Any CPU
		{079095D2-0DE3-4211-820A-EF17D698B643}.Release|Any CPU.ActiveCfg = Release|Any CPU
		{079095D2-0DE3-4211-820A-EF17D698B643}.Release|Any CPU.Build.0 = Release|Any CPU
	EndGlobalSection
	GlobalSection(SolutionProperties) = preSolution
		HideSolutionNode = FALSE
	EndGlobalSection
	GlobalSection(ExtensibilityGlobals) = postSolution
		SolutionGuid = {02B42644-416B-49E4-A152-028A717D14A7}
	EndGlobalSection
EndGlobal
